// !$*UTF8*$!
{
	archiveVersion = 1;
	classes = {
	};
	objectVersion = 50;
	objects = {

/* Begin PBXBuildFile section */
		AC312CFC26D2AD5800859262 /* AppDelegate.swift in Sources */ = {isa = PBXBuildFile; fileRef = AC312CFB26D2AD5800859262 /* AppDelegate.swift */; };
		AC312CFE26D2AD5800859262 /* SceneDelegate.swift in Sources */ = {isa = PBXBuildFile; fileRef = AC312CFD26D2AD5800859262 /* SceneDelegate.swift */; };
		AC312D0026D2AD5800859262 /* ViewController.swift in Sources */ = {isa = PBXBuildFile; fileRef = AC312CFF26D2AD5800859262 /* ViewController.swift */; };
		AC312D0526D2AD5A00859262 /* Assets.xcassets in Resources */ = {isa = PBXBuildFile; fileRef = AC312D0426D2AD5A00859262 /* Assets.xcassets */; };
		AC312D0826D2AD5A00859262 /* LaunchScreen.storyboard in Resources */ = {isa = PBXBuildFile; fileRef = AC312D0626D2AD5A00859262 /* LaunchScreen.storyboard */; };
		AC312D1126D3CA8700859262 /* Screen-Shot.png in Resources */ = {isa = PBXBuildFile; fileRef = AC312D1026D3CA8700859262 /* Screen-Shot.png */; };
/* End PBXBuildFile section */

/* Begin PBXFileReference section */
		AC312CF826D2AD5800859262 /* Tried-Glassmorphism.app */ = {isa = PBXFileReference; explicitFileType = wrapper.application; includeInIndex = 0; path = "Tried-Glassmorphism.app"; sourceTree = BUILT_PRODUCTS_DIR; };
		AC312CFB26D2AD5800859262 /* AppDelegate.swift */ = {isa = PBXFileReference; lastKnownFileType = sourcecode.swift; path = AppDelegate.swift; sourceTree = "<group>"; };
		AC312CFD26D2AD5800859262 /* SceneDelegate.swift */ = {isa = PBXFileReference; lastKnownFileType = sourcecode.swift; path = SceneDelegate.swift; sourceTree = "<group>"; };
		AC312CFF26D2AD5800859262 /* ViewController.swift */ = {isa = PBXFileReference; lastKnownFileType = sourcecode.swift; path = ViewController.swift; sourceTree = "<group>"; };
		AC312D0426D2AD5A00859262 /* Assets.xcassets */ = {isa = PBXFileReference; lastKnownFileType = folder.assetcatalog; path = Assets.xcassets; sourceTree = "<group>"; };
		AC312D0726D2AD5A00859262 /* Base */ = {isa = PBXFileReference; lastKnownFileType = file.storyboard; name = Base; path = Base.lproj/LaunchScreen.storyboard; sourceTree = "<group>"; };
		AC312D0926D2AD5A00859262 /* Info.plist */ = {isa = PBXFileReference; lastKnownFileType = text.plist.xml; path = Info.plist; sourceTree = "<group>"; };
		AC312D0F26D3C30800859262 /* README.md */ = {isa = PBXFileReference; lastKnownFileType = net.daringfireball.markdown; path = README.md; sourceTree = "<group>"; };
		AC312D1026D3CA8700859262 /* Screen-Shot.png */ = {isa = PBXFileReference; lastKnownFileType = image.png; path = "Screen-Shot.png"; sourceTree = "<group>"; };
/* End PBXFileReference section */

/* Begin PBXFrameworksBuildPhase section */
		AC312CF526D2AD5800859262 /* Frameworks */ = {
			isa = PBXFrameworksBuildPhase;
			buildActionMask = 2147483647;
			files = (
			);
			runOnlyForDeploymentPostprocessing = 0;
		};
/* End PBXFrameworksBuildPhase section */

/* Begin PBXGroup section */
		AC312CEF26D2AD5800859262 = {
			isa = PBXGroup;
			children = (
				AC312CF926D2AD5800859262 /* Products */,
				AC312D0F26D3C30800859262 /* README.md */,
				AC312D1026D3CA8700859262 /* Screen-Shot.png */,
				AC312CFA26D2AD5800859262 /* Tried-Glassmorphism */,
			);
			sourceTree = "<group>";
		};
		AC312CF926D2AD5800859262 /* Products */ = {
			isa = PBXGroup;
			children = (
				AC312CF826D2AD5800859262 /* Tried-Glassmorphism.app */,
			);
			name = Products;
			sourceTree = "<group>";
		};
		AC312CFA26D2AD5800859262 /* Tried-Glassmorphism */ = {
			isa = PBXGroup;
			children = (
				AC312CFB26D2AD5800859262 /* AppDelegate.swift */,
				AC312CFD26D2AD5800859262 /* SceneDelegate.swift */,
				AC312CFF26D2AD5800859262 /* ViewController.swift */,
				AC312D0426D2AD5A00859262 /* Assets.xcassets */,
				AC312D0626D2AD5A00859262 /* LaunchScreen.storyboard */,
				AC312D0926D2AD5A00859262 /* Info.plist */,
			);
			path = "Tried-Glassmorphism";
			sourceTree = "<group>";
		};
/* End PBXGroup section */

/* Begin PBXNativeTarget section */
		AC312CF726D2AD5800859262 /* Tried-Glassmorphism */ = {
			isa = PBXNativeTarget;
			buildConfigurationList = AC312D0C26D2AD5A00859262 /* Build configuration list for PBXNativeTarget "Tried-Glassmorphism" */;
			buildPhases = (
				AC312CF426D2AD5800859262 /* Sources */,
				AC312CF526D2AD5800859262 /* Frameworks */,
				AC312CF626D2AD5800859262 /* Resources */,
			);
			buildRules = (
			);
			dependencies = (
			);
			name = "Tried-Glassmorphism";
			productName = "Tried-Glassmorphism";
			productReference = AC312CF826D2AD5800859262 /* Tried-Glassmorphism.app */;
			productType = "com.apple.product-type.application";
		};
/* End PBXNativeTarget section */

/* Begin PBXProject section */
		AC312CF026D2AD5800859262 /* Project object */ = {
			isa = PBXProject;
			attributes = {
				LastSwiftUpdateCheck = 1130;
				LastUpgradeCheck = 1130;
				ORGANIZATIONNAME = routeflags;
				TargetAttributes = {
					AC312CF726D2AD5800859262 = {
						CreatedOnToolsVersion = 11.3;
					};
				};
			};
			buildConfigurationList = AC312CF326D2AD5800859262 /* Build configuration list for PBXProject "Tried-Glassmorphism" */;
			compatibilityVersion = "Xcode 9.3";
			developmentRegion = en;
			hasScannedForEncodings = 0;
			knownRegions = (
				en,
				Base,
			);
			mainGroup = AC312CEF26D2AD5800859262;
			productRefGroup = AC312CF926D2AD5800859262 /* Products */;
			projectDirPath = "";
			projectRoot = "";
			targets = (
				AC312CF726D2AD5800859262 /* Tried-Glassmorphism */,
			);
		};
/* End PBXProject section */

/* Begin PBXResourcesBuildPhase section */
		AC312CF626D2AD5800859262 /* Resources */ = {
			isa = PBXResourcesBuildPhase;
			buildActionMask = 2147483647;
			files = (
				AC312D0826D2AD5A00859262 /* LaunchScreen.storyboard in Resources */,
				AC312D1126D3CA8700859262 /* Screen-Shot.png in Resources */,
				AC312D0526D2AD5A00859262 /* Assets.xcassets in Resources */,
			);
			runOnlyForDeploymentPostprocessing = 0;
		};
/* End PBXResourcesBuildPhase section */

/* Begin PBXSourcesBuildPhase section */
		AC312CF426D2AD5800859262 /* Sources */ = {
			isa = PBXSourcesBuildPhase;
			buildActionMask = 2147483647;
			files = (
				AC312D0026D2AD5800859262 /* ViewController.swift in Sources */,
				AC312CFC26D2AD5800859262 /* AppDelegate.swift in Sources */,
				AC312CFE26D2AD5800859262 /* SceneDelegate.swift in Sources */,
			);
			runOnlyForDeploymentPostprocessing = 0;
		};
/* End PBXSourcesBuildPhase section */

/* Begin PBXVariantGroup section */
		AC312D0626D2AD5A00859262 /* LaunchScreen.storyboard */ = {
			isa = PBXVariantGroup;
			children = (
				AC312D0726D2AD5A00859262 /* Base */,
			);
			name = LaunchScreen.storyboard;
			sourceTree = "<group>";
		};
/* End PBXVariantGroup section */

/* Begin XCBuildConfiguration section */
		AC312D0A26D2AD5A00859262 /* Debug */ = {
			isa = XCBuildConfiguration;
			buildSettings = {
				ALWAYS_SEARCH_USER_PATHS = NO;
				CLANG_ANALYZER_NONNULL = YES;
				CLANG_ANALYZER_NUMBER_OBJECT_CONVERSION = YES_AGGRESSIVE;
				CLANG_CXX_LANGUAGE_STANDARD = "gnu++14";
				CLANG_CXX_LIBRARY = "libc++";
				CLANG_ENABLE_MODULES = YES;
				CLANG_ENABLE_OBJC_ARC = YES;
				CLANG_ENABLE_OBJC_WEAK = YES;
				CLANG_WARN_BLOCK_CAPTURE_AUTORELEASING = YES;
				CLANG_WARN_BOOL_CONVERSION = YES;
				CLANG_WARN_COMMA = YES;
				CLANG_WARN_CONSTANT_CONVERSION = YES;
				CLANG_WARN_DEPRECATED_OBJC_IMPLEMENTATIONS = YES;
				CLANG_WARN_DIRECT_OBJC_ISA_USAGE = YES_ERROR;
				CLANG_WARN_DOCUMENTATION_COMMENTS = YES;
				CLANG_WARN_EMPTY_BODY = YES;
				CLANG_WARN_ENUM_CONVERSION = YES;
				CLANG_WARN_INFINITE_RECURSION = YES;
				CLANG_WARN_INT_CONVERSION = YES;
				CLANG_WARN_NON_LITERAL_NULL_CONVERSION = YES;
				CLANG_WARN_OBJC_IMPLICIT_RETAIN_SELF = YES;
				CLANG_WARN_OBJC_LITERAL_CONVERSION = YES;
				CLANG_WARN_OBJC_ROOT_CLASS = YES_ERROR;
				CLANG_WARN_RANGE_LOOP_ANALYSIS = YES;
				CLANG_WARN_STRICT_PROTOTYPES = YES;
				CLANG_WARN_SUSPICIOUS_MOVE = YES;
				CLANG_WARN_UNGUARDED_AVAILABILITY = YES_AGGRESSIVE;
				CLANG_WARN_UNREACHABLE_CODE = YES;
				CLANG_WARN__DUPLICATE_METHOD_MATCH = YES;
				COPY_PHASE_STRIP = NO;
				DEBUG_INFORMATION_FORMAT = dwarf;
				ENABLE_STRICT_OBJC_MSGSEND = YES;
				ENABLE_TESTABILITY = YES;
				GCC_C_LANGUAGE_STANDARD = gnu11;
				GCC_DYNAMIC_NO_PIC = NO;
				GCC_NO_COMMON_BLOCKS = YES;
				GCC_OPTIMIZATION_LEVEL = 0;
				GCC_PREPROCESSOR_DEFINITIONS = (
					"DEBUG=1",
					"$(inherited)",
				);
				GCC_WARN_64_TO_32_BIT_CONVERSION = YES;
				GCC_WARN_ABOUT_RETURN_TYPE = YES_ERROR;
				GCC_WARN_UNDECLARED_SELECTOR = YES;
				GCC_WARN_UNINITIALIZED_AUTOS = YES_AGGRESSIVE;
				GCC_WARN_UNUSED_FUNCTION = YES;
				GCC_WARN_UNUSED_VARIABLE = YES;
				IPHONEOS_DEPLOYMENT_TARGET = 13.2;
				MTL_ENABLE_DEBUG_INFO = INCLUDE_SOURCE;
				MTL_FAST_MATH = YES;
				ONLY_ACTIVE_ARCH = YES;
				SDKROOT = iphoneos;
				SWIFT_ACTIVE_COMPILATION_CONDITIONS = DEBUG;
				SWIFT_OPTIMIZATION_LEVEL = "-Onone";
			};
			name = Debug;
		};
		AC312D0B26D2AD5A00859262 /* Release */ = {
			isa = XCBuildConfiguration;
			buildSettings = {
				ALWAYS_SEARCH_USER_PATHS = NO;
				CLANG_ANALYZER_NONNULL = YES;
				CLANG_ANALYZER_NUMBER_OBJECT_CONVERSION = YES_AGGRESSIVE;
				CLANG_CXX_LANGUAGE_STANDARD = "gnu++14";
				CLANG_CXX_LIBRARY = "libc++";
				CLANG_ENABLE_MODULES = YES;
				CLANG_ENABLE_OBJC_ARC = YES;
				CLANG_ENABLE_OBJC_WEAK = YES;
				CLANG_WARN_BLOCK_CAPTURE_AUTORELEASING = YES;
				CLANG_WARN_BOOL_CONVERSION = YES;
				CLANG_WARN_COMMA = YES;
				CLANG_WARN_CONSTANT_CONVERSION = YES;
				CLANG_WARN_DEPRECATED_OBJC_IMPLEMENTATIONS = YES;
				CLANG_WARN_DIRECT_OBJC_ISA_USAGE = YES_ERROR;
				CLANG_WARN_DOCUMENTATION_COMMENTS = YES;
				CLANG_WARN_EMPTY_BODY = YES;
				CLANG_WARN_ENUM_CONVERSION = YES;
				CLANG_WARN_INFINITE_RECURSION = YES;
				CLANG_WARN_INT_CONVERSION = YES;
				CLANG_WARN_NON_LITERAL_NULL_CONVERSION = YES;
				CLANG_WARN_OBJC_IMPLICIT_RETAIN_SELF = YES;
				CLANG_WARN_OBJC_LITERAL_CONVERSION = YES;
				CLANG_WARN_OBJC_ROOT_CLASS = YES_ERROR;
				CLANG_WARN_RANGE_LOOP_ANALYSIS = YES;
				CLANG_WARN_STRICT_PROTOTYPES = YES;
				CLANG_WARN_SUSPICIOUS_MOVE = YES;
				CLANG_WARN_UNGUARDED_AVAILABILITY = YES_AGGRESSIVE;
				CLANG_WARN_UNREACHABLE_CODE = YES;
				CLANG_WARN__DUPLICATE_METHOD_MATCH = YES;
				COPY_PHASE_STRIP = NO;
				DEBUG_INFORMATION_FORMAT = "dwarf-with-dsym";
				ENABLE_NS_ASSERTIONS = NO;
				ENABLE_STRICT_OBJC_MSGSEND = YES;
				GCC_C_LANGUAGE_STANDARD = gnu11;
				GCC_NO_COMMON_BLOCKS = YES;
				GCC_WARN_64_TO_32_BIT_CONVERSION = YES;
				GCC_WARN_ABOUT_RETURN_TYPE = YES_ERROR;
				GCC_WARN_UNDECLARED_SELECTOR = YES;
				GCC_WARN_UNINITIALIZED_AUTOS = YES_AGGRESSIVE;
				GCC_WARN_UNUSED_FUNCTION = YES;
				GCC_WARN_UNUSED_VARIABLE = YES;
				IPHONEOS_DEPLOYMENT_TARGET = 13.2;
				MTL_ENABLE_DEBUG_INFO = NO;
				MTL_FAST_MATH = YES;
				SDKROOT = iphoneos;
				SWIFT_COMPILATION_MODE = wholemodule;
				SWIFT_OPTIMIZATION_LEVEL = "-O";
				VALIDATE_PRODUCT = YES;
			};
			name = Release;
		};
		AC312D0D26D2AD5A00859262 /* Debug */ = {
			isa = XCBuildConfiguration;
			buildSettings = {
				ASSETCATALOG_COMPILER_APPICON_NAME = AppIcon;
				CODE_SIGN_STYLE = Automatic;
				INFOPLIST_FILE = "Tried-Glassmorphism/Info.plist";
				LD_RUNPATH_SEARCH_PATHS = (
					"$(inherited)",
					"@executable_path/Frameworks",
				);
				PRODUCT_BUNDLE_IDENTIFIER = "com.routeflags.Tried-Glassmorphism";
				PRODUCT_NAME = "$(TARGET_NAME)";
				SWIFT_VERSION = 5.0;
				TARGETED_DEVICE_FAMILY = "1,2";
			};
			name = Debug;
		};
		AC312D0E26D2AD5A00859262 /* Release */ = {
			isa = XCBuildConfiguration;
			buildSettings = {
				ASSETCATALOG_COMPILER_APPICON_NAME = AppIcon;
				CODE_SIGN_STYLE = Automatic;
				INFOPLIST_FILE = "Tried-Glassmorphism/Info.plist";
				LD_RUNPATH_SEARCH_PATHS = (
					"$(inherited)",
					"@executable_path/Frameworks",
				);
				PRODUCT_BUNDLE_IDENTIFIER = "com.routeflags.Tried-Glassmorphism";
				PRODUCT_NAME = "$(TARGET_NAME)";
				SWIFT_VERSION = 5.0;
				TARGETED_DEVICE_FAMILY = "1,2";
			};
			name = Release;
		};
/* End XCBuildConfiguration section */

/* Begin XCConfigurationList section */
		AC312CF326D2AD5800859262 /* Build configuration list for PBXProject "Tried-Glassmorphism" */ = {
			isa = XCConfigurationList;
			buildConfigurations = (
				AC312D0A26D2AD5A00859262 /* Debug */,
				AC312D0B26D2AD5A00859262 /* Release */,
			);
			defaultConfigurationIsVisible = 0;
			defaultConfigurationName = Release;
		};
		AC312D0C26D2AD5A00859262 /* Build configuration list for PBXNativeTarget "Tried-Glassmorphism" */ = {
			isa = XCConfigurationList;
			buildConfigurations = (
				AC312D0D26D2AD5A00859262 /* Debug */,
				AC312D0E26D2AD5A00859262 /* Release */,
			);
			defaultConfigurationIsVisible = 0;
			defaultConfigurationName = Release;
		};
/* End XCConfigurationList section */
	};
	rootObject = AC312CF026D2AD5800859262 /* Project object */;
}
